// !$*UTF8*$!
{
	archiveVersion = 1;
	classes = {
	};
	objectVersion = 50;
	objects = {

/* Begin PBXBuildFile section */
		C50984BA23C11EE600CD708F /* SharePopUp.swift in Sources */ = {isa = PBXBuildFile; fileRef = C50984B923C11EE600CD708F /* SharePopUp.swift */; };
		C50984BC23C1249A00CD708F /* URL.swift in Sources */ = {isa = PBXBuildFile; fileRef = C50984BB23C1249A00CD708F /* URL.swift */; };
		C50984BE23C125FB00CD708F /* AboutAppSectionView.swift in Sources */ = {isa = PBXBuildFile; fileRef = C50984BD23C125FB00CD708F /* AboutAppSectionView.swift */; };
		C50984C023C12A2B00CD708F /* SendFeedbackSectionView.swift in Sources */ = {isa = PBXBuildFile; fileRef = C50984BF23C12A2B00CD708F /* SendFeedbackSectionView.swift */; };
		C50984C223C12A9100CD708F /* AppInfoSectionView.swift in Sources */ = {isa = PBXBuildFile; fileRef = C50984C123C12A9100CD708F /* AppInfoSectionView.swift */; };
		C50984C423C1399A00CD708F /* AboutView.swift in Sources */ = {isa = PBXBuildFile; fileRef = C50984C323C1399A00CD708F /* AboutView.swift */; };
		C50984CA23C1F20C00CD708F /* ButtonModifier.swift in Sources */ = {isa = PBXBuildFile; fileRef = C50984C923C1F20C00CD708F /* ButtonModifier.swift */; };
		C531974223BBC69B00690A96 /* Scorer.swift in Sources */ = {isa = PBXBuildFile; fileRef = C531974123BBC69B00690A96 /* Scorer.swift */; };
		C531974423BC954900690A96 /* Constants.swift in Sources */ = {isa = PBXBuildFile; fileRef = C531974323BC954900690A96 /* Constants.swift */; };
		C531974623BCA66C00690A96 /* EndGameSectionView.swift in Sources */ = {isa = PBXBuildFile; fileRef = C531974523BCA66C00690A96 /* EndGameSectionView.swift */; };
		C531974823BCA89500690A96 /* ScorerStepperView.swift in Sources */ = {isa = PBXBuildFile; fileRef = C531974723BCA89500690A96 /* ScorerStepperView.swift */; };
		C531974A23BCB4B700690A96 /* ScorerPickerView.swift in Sources */ = {isa = PBXBuildFile; fileRef = C531974923BCB4B700690A96 /* ScorerPickerView.swift */; };
		C531974C23BCF32900690A96 /* ScorerToggleView.swift in Sources */ = {isa = PBXBuildFile; fileRef = C531974B23BCF32900690A96 /* ScorerToggleView.swift */; };
		C531974E23BD25AA00690A96 /* ScoreBreakdownSectionView.swift in Sources */ = {isa = PBXBuildFile; fileRef = C531974D23BD25AA00690A96 /* ScoreBreakdownSectionView.swift */; };
		C531975023BD25C500690A96 /* Image.swift in Sources */ = {isa = PBXBuildFile; fileRef = C531974F23BD25C500690A96 /* Image.swift */; };
		C545655B23BB5FE50062A0CB /* AutonomousSectionView.swift in Sources */ = {isa = PBXBuildFile; fileRef = C545655A23BB5FE50062A0CB /* AutonomousSectionView.swift */; };
		C545655D23BB604A0062A0CB /* ScoringGuidelines.swift in Sources */ = {isa = PBXBuildFile; fileRef = C545655C23BB604A0062A0CB /* ScoringGuidelines.swift */; };
		C545656123BB63C40062A0CB /* TeleOpSectionView.swift in Sources */ = {isa = PBXBuildFile; fileRef = C545656023BB63C40062A0CB /* TeleOpSectionView.swift */; };
		C547ECF323E771420008B411 /* MatchInfo.swift in Sources */ = {isa = PBXBuildFile; fileRef = C547ECF223E771420008B411 /* MatchInfo.swift */; };
		C547ECF523EAA0F40008B411 /* SavedScoresListView.swift in Sources */ = {isa = PBXBuildFile; fileRef = C547ECF423EAA0F40008B411 /* SavedScoresListView.swift */; };
		C547ECF723EB0FCE0008B411 /* MatchInfoView.swift in Sources */ = {isa = PBXBuildFile; fileRef = C547ECF623EB0FCD0008B411 /* MatchInfoView.swift */; };
		C55128C523ED5B81009B009C /* SavedScoreRow.swift in Sources */ = {isa = PBXBuildFile; fileRef = C55128C423ED5B81009B009C /* SavedScoreRow.swift */; };
		C552379823BFB3A000F75526 /* MailView.swift in Sources */ = {isa = PBXBuildFile; fileRef = C552379723BFB3A000F75526 /* MailView.swift */; };
		C56DE93923BFD327007BD13A /* SettingsRowView.swift in Sources */ = {isa = PBXBuildFile; fileRef = C56DE93823BFD327007BD13A /* SettingsRowView.swift */; };
		C57483BE23EB445A00DA49EB /* SkystoneScoreExtension.swift in Sources */ = {isa = PBXBuildFile; fileRef = C57483BD23EB445A00DA49EB /* SkystoneScoreExtension.swift */; };
		C5909F0423E5B6ED00D06070 /* Scorer.xcdatamodeld in Sources */ = {isa = PBXBuildFile; fileRef = C5909F0223E5B6ED00D06070 /* Scorer.xcdatamodeld */; };
		C5909F3323E7120100D06070 /* ScorerView.swift in Sources */ = {isa = PBXBuildFile; fileRef = C5909F3223E7120100D06070 /* ScorerView.swift */; };
		C5909F3523E713AB00D06070 /* ScorerTextFieldView.swift in Sources */ = {isa = PBXBuildFile; fileRef = C5909F3423E713AB00D06070 /* ScorerTextFieldView.swift */; };
		C5909F3723E717EC00D06070 /* ImageModifier.swift in Sources */ = {isa = PBXBuildFile; fileRef = C5909F3623E717EC00D06070 /* ImageModifier.swift */; };
		C5909F3923E75A8000D06070 /* AlliancePickerView.swift in Sources */ = {isa = PBXBuildFile; fileRef = C5909F3823E75A8000D06070 /* AlliancePickerView.swift */; };
		C5E8D9C023BB56A6009B07E8 /* AppDelegate.swift in Sources */ = {isa = PBXBuildFile; fileRef = C5E8D9BF23BB56A6009B07E8 /* AppDelegate.swift */; };
		C5E8D9C223BB56A6009B07E8 /* SceneDelegate.swift in Sources */ = {isa = PBXBuildFile; fileRef = C5E8D9C123BB56A6009B07E8 /* SceneDelegate.swift */; };
		C5E8D9C623BB56AA009B07E8 /* Assets.xcassets in Resources */ = {isa = PBXBuildFile; fileRef = C5E8D9C523BB56AA009B07E8 /* Assets.xcassets */; };
		C5E8D9C923BB56AA009B07E8 /* Preview Assets.xcassets in Resources */ = {isa = PBXBuildFile; fileRef = C5E8D9C823BB56AA009B07E8 /* Preview Assets.xcassets */; };
		C5E8D9CC23BB56AA009B07E8 /* LaunchScreen.storyboard in Resources */ = {isa = PBXBuildFile; fileRef = C5E8D9CA23BB56AA009B07E8 /* LaunchScreen.storyboard */; };
		C5F41BF523BD36E700A657FC /* ScorerTotalPointsView.swift in Sources */ = {isa = PBXBuildFile; fileRef = C5F41BF423BD36E700A657FC /* ScorerTotalPointsView.swift */; };
		C5F41BFB23BE249400A657FC /* FeatureInfoView.swift in Sources */ = {isa = PBXBuildFile; fileRef = C5F41BFA23BE249400A657FC /* FeatureInfoView.swift */; };
		C5F41BFD23BE24F000A657FC /* Color.swift in Sources */ = {isa = PBXBuildFile; fileRef = C5F41BFC23BE24F000A657FC /* Color.swift */; };
		C5F41BFF23BE25E600A657FC /* FeaturesContainerView.swift in Sources */ = {isa = PBXBuildFile; fileRef = C5F41BFE23BE25E600A657FC /* FeaturesContainerView.swift */; };
		C5F41C0123BE2A1700A657FC /* TitleView.swift in Sources */ = {isa = PBXBuildFile; fileRef = C5F41C0023BE2A1700A657FC /* TitleView.swift */; };
		C5F41C0323BE2B4900A657FC /* SplashScreenView.swift in Sources */ = {isa = PBXBuildFile; fileRef = C5F41C0223BE2B4900A657FC /* SplashScreenView.swift */; };
		C5F41C0723BE756F00A657FC /* UserDefaults.swift in Sources */ = {isa = PBXBuildFile; fileRef = C5F41C0623BE756F00A657FC /* UserDefaults.swift */; };
		C5F41C0923BE92CD00A657FC /* SettingsView.swift in Sources */ = {isa = PBXBuildFile; fileRef = C5F41C0823BE92CD00A657FC /* SettingsView.swift */; };
		C5F8BE5723EB1C15004BABC3 /* SavedScoreView.swift in Sources */ = {isa = PBXBuildFile; fileRef = C5F8BE5623EB1C15004BABC3 /* SavedScoreView.swift */; };
		C5F8BE5923EB1D17004BABC3 /* ScorerGroup.swift in Sources */ = {isa = PBXBuildFile; fileRef = C5F8BE5823EB1D17004BABC3 /* ScorerGroup.swift */; };
/* End PBXBuildFile section */

/* Begin PBXFileReference section */
		C50984B923C11EE600CD708F /* SharePopUp.swift */ = {isa = PBXFileReference; lastKnownFileType = sourcecode.swift; path = SharePopUp.swift; sourceTree = "<group>"; };
		C50984BB23C1249A00CD708F /* URL.swift */ = {isa = PBXFileReference; lastKnownFileType = sourcecode.swift; path = URL.swift; sourceTree = "<group>"; };
		C50984BD23C125FB00CD708F /* AboutAppSectionView.swift */ = {isa = PBXFileReference; lastKnownFileType = sourcecode.swift; path = AboutAppSectionView.swift; sourceTree = "<group>"; };
		C50984BF23C12A2B00CD708F /* SendFeedbackSectionView.swift */ = {isa = PBXFileReference; lastKnownFileType = sourcecode.swift; path = SendFeedbackSectionView.swift; sourceTree = "<group>"; };
		C50984C123C12A9100CD708F /* AppInfoSectionView.swift */ = {isa = PBXFileReference; lastKnownFileType = sourcecode.swift; path = AppInfoSectionView.swift; sourceTree = "<group>"; };
		C50984C323C1399A00CD708F /* AboutView.swift */ = {isa = PBXFileReference; lastKnownFileType = sourcecode.swift; path = AboutView.swift; sourceTree = "<group>"; };
		C50984C923C1F20C00CD708F /* ButtonModifier.swift */ = {isa = PBXFileReference; lastKnownFileType = sourcecode.swift; path = ButtonModifier.swift; sourceTree = "<group>"; };
		C531974123BBC69B00690A96 /* Scorer.swift */ = {isa = PBXFileReference; lastKnownFileType = sourcecode.swift; path = Scorer.swift; sourceTree = "<group>"; };
		C531974323BC954900690A96 /* Constants.swift */ = {isa = PBXFileReference; lastKnownFileType = sourcecode.swift; path = Constants.swift; sourceTree = "<group>"; };
		C531974523BCA66C00690A96 /* EndGameSectionView.swift */ = {isa = PBXFileReference; lastKnownFileType = sourcecode.swift; path = EndGameSectionView.swift; sourceTree = "<group>"; };
		C531974723BCA89500690A96 /* ScorerStepperView.swift */ = {isa = PBXFileReference; lastKnownFileType = sourcecode.swift; path = ScorerStepperView.swift; sourceTree = "<group>"; };
		C531974923BCB4B700690A96 /* ScorerPickerView.swift */ = {isa = PBXFileReference; lastKnownFileType = sourcecode.swift; path = ScorerPickerView.swift; sourceTree = "<group>"; };
		C531974B23BCF32900690A96 /* ScorerToggleView.swift */ = {isa = PBXFileReference; lastKnownFileType = sourcecode.swift; path = ScorerToggleView.swift; sourceTree = "<group>"; };
		C531974D23BD25AA00690A96 /* ScoreBreakdownSectionView.swift */ = {isa = PBXFileReference; lastKnownFileType = sourcecode.swift; path = ScoreBreakdownSectionView.swift; sourceTree = "<group>"; };
		C531974F23BD25C500690A96 /* Image.swift */ = {isa = PBXFileReference; lastKnownFileType = sourcecode.swift; path = Image.swift; sourceTree = "<group>"; };
		C545655923BB59B90062A0CB /* StonkScorer.entitlements */ = {isa = PBXFileReference; lastKnownFileType = text.plist.entitlements; path = StonkScorer.entitlements; sourceTree = "<group>"; };
		C545655A23BB5FE50062A0CB /* AutonomousSectionView.swift */ = {isa = PBXFileReference; lastKnownFileType = sourcecode.swift; path = AutonomousSectionView.swift; sourceTree = "<group>"; };
		C545655C23BB604A0062A0CB /* ScoringGuidelines.swift */ = {isa = PBXFileReference; lastKnownFileType = sourcecode.swift; path = ScoringGuidelines.swift; sourceTree = "<group>"; };
		C545656023BB63C40062A0CB /* TeleOpSectionView.swift */ = {isa = PBXFileReference; lastKnownFileType = sourcecode.swift; path = TeleOpSectionView.swift; sourceTree = "<group>"; };
		C547ECF223E771420008B411 /* MatchInfo.swift */ = {isa = PBXFileReference; lastKnownFileType = sourcecode.swift; path = MatchInfo.swift; sourceTree = "<group>"; };
		C547ECF423EAA0F40008B411 /* SavedScoresListView.swift */ = {isa = PBXFileReference; lastKnownFileType = sourcecode.swift; path = SavedScoresListView.swift; sourceTree = "<group>"; };
		C547ECF623EB0FCD0008B411 /* MatchInfoView.swift */ = {isa = PBXFileReference; lastKnownFileType = sourcecode.swift; path = MatchInfoView.swift; sourceTree = "<group>"; };
		C55128C423ED5B81009B009C /* SavedScoreRow.swift */ = {isa = PBXFileReference; lastKnownFileType = sourcecode.swift; path = SavedScoreRow.swift; sourceTree = "<group>"; };
		C552379723BFB3A000F75526 /* MailView.swift */ = {isa = PBXFileReference; lastKnownFileType = sourcecode.swift; path = MailView.swift; sourceTree = "<group>"; };
		C56DE93823BFD327007BD13A /* SettingsRowView.swift */ = {isa = PBXFileReference; lastKnownFileType = sourcecode.swift; path = SettingsRowView.swift; sourceTree = "<group>"; };
		C57483BD23EB445A00DA49EB /* SkystoneScoreExtension.swift */ = {isa = PBXFileReference; lastKnownFileType = sourcecode.swift; path = SkystoneScoreExtension.swift; sourceTree = "<group>"; };
		C5909F0323E5B6ED00D06070 /* Scorer.xcdatamodel */ = {isa = PBXFileReference; lastKnownFileType = wrapper.xcdatamodel; path = Scorer.xcdatamodel; sourceTree = "<group>"; };
		C5909F3223E7120100D06070 /* ScorerView.swift */ = {isa = PBXFileReference; lastKnownFileType = sourcecode.swift; path = ScorerView.swift; sourceTree = "<group>"; };
		C5909F3423E713AB00D06070 /* ScorerTextFieldView.swift */ = {isa = PBXFileReference; lastKnownFileType = sourcecode.swift; path = ScorerTextFieldView.swift; sourceTree = "<group>"; };
		C5909F3623E717EC00D06070 /* ImageModifier.swift */ = {isa = PBXFileReference; lastKnownFileType = sourcecode.swift; path = ImageModifier.swift; sourceTree = "<group>"; };
		C5909F3823E75A8000D06070 /* AlliancePickerView.swift */ = {isa = PBXFileReference; lastKnownFileType = sourcecode.swift; path = AlliancePickerView.swift; sourceTree = "<group>"; };
		C5E8D9BC23BB56A6009B07E8 /* FTC Scorer.app */ = {isa = PBXFileReference; explicitFileType = wrapper.application; includeInIndex = 0; path = "FTC Scorer.app"; sourceTree = BUILT_PRODUCTS_DIR; };
		C5E8D9BF23BB56A6009B07E8 /* AppDelegate.swift */ = {isa = PBXFileReference; lastKnownFileType = sourcecode.swift; path = AppDelegate.swift; sourceTree = "<group>"; };
		C5E8D9C123BB56A6009B07E8 /* SceneDelegate.swift */ = {isa = PBXFileReference; lastKnownFileType = sourcecode.swift; path = SceneDelegate.swift; sourceTree = "<group>"; };
		C5E8D9C523BB56AA009B07E8 /* Assets.xcassets */ = {isa = PBXFileReference; lastKnownFileType = folder.assetcatalog; path = Assets.xcassets; sourceTree = "<group>"; };
		C5E8D9C823BB56AA009B07E8 /* Preview Assets.xcassets */ = {isa = PBXFileReference; lastKnownFileType = folder.assetcatalog; path = "Preview Assets.xcassets"; sourceTree = "<group>"; };
		C5E8D9CB23BB56AA009B07E8 /* Base */ = {isa = PBXFileReference; lastKnownFileType = file.storyboard; name = Base; path = Base.lproj/LaunchScreen.storyboard; sourceTree = "<group>"; };
		C5E8D9CD23BB56AA009B07E8 /* Info.plist */ = {isa = PBXFileReference; lastKnownFileType = text.plist.xml; path = Info.plist; sourceTree = "<group>"; };
		C5F41BF423BD36E700A657FC /* ScorerTotalPointsView.swift */ = {isa = PBXFileReference; lastKnownFileType = sourcecode.swift; path = ScorerTotalPointsView.swift; sourceTree = "<group>"; };
		C5F41BFA23BE249400A657FC /* FeatureInfoView.swift */ = {isa = PBXFileReference; lastKnownFileType = sourcecode.swift; path = FeatureInfoView.swift; sourceTree = "<group>"; };
		C5F41BFC23BE24F000A657FC /* Color.swift */ = {isa = PBXFileReference; lastKnownFileType = sourcecode.swift; path = Color.swift; sourceTree = "<group>"; };
		C5F41BFE23BE25E600A657FC /* FeaturesContainerView.swift */ = {isa = PBXFileReference; lastKnownFileType = sourcecode.swift; path = FeaturesContainerView.swift; sourceTree = "<group>"; };
		C5F41C0023BE2A1700A657FC /* TitleView.swift */ = {isa = PBXFileReference; lastKnownFileType = sourcecode.swift; path = TitleView.swift; sourceTree = "<group>"; };
		C5F41C0223BE2B4900A657FC /* SplashScreenView.swift */ = {isa = PBXFileReference; lastKnownFileType = sourcecode.swift; path = SplashScreenView.swift; sourceTree = "<group>"; };
		C5F41C0623BE756F00A657FC /* UserDefaults.swift */ = {isa = PBXFileReference; lastKnownFileType = sourcecode.swift; path = UserDefaults.swift; sourceTree = "<group>"; };
		C5F41C0823BE92CD00A657FC /* SettingsView.swift */ = {isa = PBXFileReference; lastKnownFileType = sourcecode.swift; path = SettingsView.swift; sourceTree = "<group>"; };
		C5F8BE5623EB1C15004BABC3 /* SavedScoreView.swift */ = {isa = PBXFileReference; lastKnownFileType = sourcecode.swift; path = SavedScoreView.swift; sourceTree = "<group>"; };
		C5F8BE5823EB1D17004BABC3 /* ScorerGroup.swift */ = {isa = PBXFileReference; lastKnownFileType = sourcecode.swift; path = ScorerGroup.swift; sourceTree = "<group>"; };
/* End PBXFileReference section */

/* Begin PBXFrameworksBuildPhase section */
		C5E8D9B923BB56A6009B07E8 /* Frameworks */ = {
			isa = PBXFrameworksBuildPhase;
			buildActionMask = 2147483647;
			files = (
			);
			runOnlyForDeploymentPostprocessing = 0;
		};
/* End PBXFrameworksBuildPhase section */

/* Begin PBXGroup section */
		C531975123BD25D700690A96 /* Helper */ = {
			isa = PBXGroup;
			children = (
				C545655C23BB604A0062A0CB /* ScoringGuidelines.swift */,
				C531974323BC954900690A96 /* Constants.swift */,
				C50984C923C1F20C00CD708F /* ButtonModifier.swift */,
				C5909F3623E717EC00D06070 /* ImageModifier.swift */,
				C5F41C0523BE753B00A657FC /* Extensions */,
			);
			path = Helper;
			sourceTree = "<group>";
		};
		C545656423BBB23C0062A0CB /* List Row Types */ = {
			isa = PBXGroup;
			children = (
				C5909F3823E75A8000D06070 /* AlliancePickerView.swift */,
				C5909F3423E713AB00D06070 /* ScorerTextFieldView.swift */,
				C531974723BCA89500690A96 /* ScorerStepperView.swift */,
				C531974923BCB4B700690A96 /* ScorerPickerView.swift */,
				C531974B23BCF32900690A96 /* ScorerToggleView.swift */,
				C5F41BF423BD36E700A657FC /* ScorerTotalPointsView.swift */,
			);
			path = "List Row Types";
			sourceTree = "<group>";
		};
		C547ECF823EB10760008B411 /* Modules View */ = {
			isa = PBXGroup;
			children = (
				C547ECF623EB0FCD0008B411 /* MatchInfoView.swift */,
				C545655A23BB5FE50062A0CB /* AutonomousSectionView.swift */,
				C545656023BB63C40062A0CB /* TeleOpSectionView.swift */,
				C531974523BCA66C00690A96 /* EndGameSectionView.swift */,
				C531974D23BD25AA00690A96 /* ScoreBreakdownSectionView.swift */,
			);
			path = "Modules View";
			sourceTree = "<group>";
		};
		C547ECFA23EB13B90008B411 /* Models */ = {
			isa = PBXGroup;
			children = (
				C531974123BBC69B00690A96 /* Scorer.swift */,
				C547ECF223E771420008B411 /* MatchInfo.swift */,
			);
			path = Models;
			sourceTree = "<group>";
		};
		C552379623BFB37F00F75526 /* Settings */ = {
			isa = PBXGroup;
			children = (
				C5F41C0823BE92CD00A657FC /* SettingsView.swift */,
				C50984BD23C125FB00CD708F /* AboutAppSectionView.swift */,
				C547ECF423EAA0F40008B411 /* SavedScoresListView.swift */,
				C55128C423ED5B81009B009C /* SavedScoreRow.swift */,
				C50984BF23C12A2B00CD708F /* SendFeedbackSectionView.swift */,
				C50984C123C12A9100CD708F /* AppInfoSectionView.swift */,
				C5F8BE5623EB1C15004BABC3 /* SavedScoreView.swift */,
				C50984C323C1399A00CD708F /* AboutView.swift */,
				C56DE93823BFD327007BD13A /* SettingsRowView.swift */,
				C552379923BFB3A500F75526 /* UIKit Imports */,
			);
			path = Settings;
			sourceTree = "<group>";
		};
		C552379923BFB3A500F75526 /* UIKit Imports */ = {
			isa = PBXGroup;
			children = (
				C552379723BFB3A000F75526 /* MailView.swift */,
				C50984B923C11EE600CD708F /* SharePopUp.swift */,
			);
			path = "UIKit Imports";
			sourceTree = "<group>";
		};
		C556065E23BD27F700E2CE41 /* Scorer */ = {
			isa = PBXGroup;
			children = (
				C5909F3223E7120100D06070 /* ScorerView.swift */,
				C5F8BE5823EB1D17004BABC3 /* ScorerGroup.swift */,
				C547ECFA23EB13B90008B411 /* Models */,
				C545656423BBB23C0062A0CB /* List Row Types */,
				C547ECF823EB10760008B411 /* Modules View */,
			);
			path = Scorer;
			sourceTree = "<group>";
		};
		C5E8D9B323BB56A6009B07E8 = {
			isa = PBXGroup;
			children = (
				C5E8D9BE23BB56A6009B07E8 /* StonkScorer */,
				C5E8D9BD23BB56A6009B07E8 /* Products */,
			);
			sourceTree = "<group>";
		};
		C5E8D9BD23BB56A6009B07E8 /* Products */ = {
			isa = PBXGroup;
			children = (
				C5E8D9BC23BB56A6009B07E8 /* FTC Scorer.app */,
			);
			name = Products;
			sourceTree = "<group>";
		};
		C5E8D9BE23BB56A6009B07E8 /* StonkScorer */ = {
			isa = PBXGroup;
			children = (
				C5909F0223E5B6ED00D06070 /* Scorer.xcdatamodeld */,
				C57483BD23EB445A00DA49EB /* SkystoneScoreExtension.swift */,
				C5F41BF723BE245100A657FC /* Splash Screen */,
				C556065E23BD27F700E2CE41 /* Scorer */,
				C552379623BFB37F00F75526 /* Settings */,
				C531975123BD25D700690A96 /* Helper */,
				C5F41C0423BE744D00A657FC /* Supporting Files */,
				C5E8D9C523BB56AA009B07E8 /* Assets.xcassets */,
				C5E8D9C723BB56AA009B07E8 /* Preview Content */,
			);
			path = StonkScorer;
			sourceTree = "<group>";
		};
		C5E8D9C723BB56AA009B07E8 /* Preview Content */ = {
			isa = PBXGroup;
			children = (
				C5E8D9C823BB56AA009B07E8 /* Preview Assets.xcassets */,
			);
			path = "Preview Content";
			sourceTree = "<group>";
		};
		C5F41BF723BE245100A657FC /* Splash Screen */ = {
			isa = PBXGroup;
			children = (
				C5F41BFA23BE249400A657FC /* FeatureInfoView.swift */,
				C5F41BFE23BE25E600A657FC /* FeaturesContainerView.swift */,
				C5F41C0023BE2A1700A657FC /* TitleView.swift */,
				C5F41C0223BE2B4900A657FC /* SplashScreenView.swift */,
			);
			path = "Splash Screen";
			sourceTree = "<group>";
		};
		C5F41C0423BE744D00A657FC /* Supporting Files */ = {
			isa = PBXGroup;
			children = (
				C5E8D9BF23BB56A6009B07E8 /* AppDelegate.swift */,
				C5E8D9C123BB56A6009B07E8 /* SceneDelegate.swift */,
				C5E8D9CA23BB56AA009B07E8 /* LaunchScreen.storyboard */,
				C5E8D9CD23BB56AA009B07E8 /* Info.plist */,
				C545655923BB59B90062A0CB /* StonkScorer.entitlements */,
			);
			path = "Supporting Files";
			sourceTree = "<group>";
		};
		C5F41C0523BE753B00A657FC /* Extensions */ = {
			isa = PBXGroup;
			children = (
				C5F41BFC23BE24F000A657FC /* Color.swift */,
				C5F41C0623BE756F00A657FC /* UserDefaults.swift */,
				C531974F23BD25C500690A96 /* Image.swift */,
				C50984BB23C1249A00CD708F /* URL.swift */,
			);
			path = Extensions;
			sourceTree = "<group>";
		};
/* End PBXGroup section */

/* Begin PBXNativeTarget section */
		C5E8D9BB23BB56A6009B07E8 /* StonkScorer */ = {
			isa = PBXNativeTarget;
			buildConfigurationList = C5E8D9D023BB56AA009B07E8 /* Build configuration list for PBXNativeTarget "StonkScorer" */;
			buildPhases = (
				C5E8D9B823BB56A6009B07E8 /* Sources */,
				C5E8D9B923BB56A6009B07E8 /* Frameworks */,
				C5E8D9BA23BB56A6009B07E8 /* Resources */,
			);
			buildRules = (
			);
			dependencies = (
			);
			name = StonkScorer;
			productName = StonkScorer;
			productReference = C5E8D9BC23BB56A6009B07E8 /* FTC Scorer.app */;
			productType = "com.apple.product-type.application";
		};
/* End PBXNativeTarget section */

/* Begin PBXProject section */
		C5E8D9B423BB56A6009B07E8 /* Project object */ = {
			isa = PBXProject;
			attributes = {
				LastSwiftUpdateCheck = 1130;
				LastUpgradeCheck = 1130;
				ORGANIZATIONNAME = CodingBytes;
				TargetAttributes = {
					C5E8D9BB23BB56A6009B07E8 = {
						CreatedOnToolsVersion = 11.3;
					};
				};
			};
			buildConfigurationList = C5E8D9B723BB56A6009B07E8 /* Build configuration list for PBXProject "StonkScorer" */;
			compatibilityVersion = "Xcode 9.3";
			developmentRegion = en;
			hasScannedForEncodings = 0;
			knownRegions = (
				en,
				Base,
			);
			mainGroup = C5E8D9B323BB56A6009B07E8;
			productRefGroup = C5E8D9BD23BB56A6009B07E8 /* Products */;
			projectDirPath = "";
			projectRoot = "";
			targets = (
				C5E8D9BB23BB56A6009B07E8 /* StonkScorer */,
			);
		};
/* End PBXProject section */

/* Begin PBXResourcesBuildPhase section */
		C5E8D9BA23BB56A6009B07E8 /* Resources */ = {
			isa = PBXResourcesBuildPhase;
			buildActionMask = 2147483647;
			files = (
				C5E8D9CC23BB56AA009B07E8 /* LaunchScreen.storyboard in Resources */,
				C5E8D9C923BB56AA009B07E8 /* Preview Assets.xcassets in Resources */,
				C5E8D9C623BB56AA009B07E8 /* Assets.xcassets in Resources */,
			);
			runOnlyForDeploymentPostprocessing = 0;
		};
/* End PBXResourcesBuildPhase section */

/* Begin PBXSourcesBuildPhase section */
		C5E8D9B823BB56A6009B07E8 /* Sources */ = {
			isa = PBXSourcesBuildPhase;
			buildActionMask = 2147483647;
			files = (
				C531974E23BD25AA00690A96 /* ScoreBreakdownSectionView.swift in Sources */,
				C5909F3723E717EC00D06070 /* ImageModifier.swift in Sources */,
				C545655B23BB5FE50062A0CB /* AutonomousSectionView.swift in Sources */,
				C50984CA23C1F20C00CD708F /* ButtonModifier.swift in Sources */,
				C531974823BCA89500690A96 /* ScorerStepperView.swift in Sources */,
				C50984C023C12A2B00CD708F /* SendFeedbackSectionView.swift in Sources */,
				C50984C423C1399A00CD708F /* AboutView.swift in Sources */,
				C547ECF323E771420008B411 /* MatchInfo.swift in Sources */,
				C5F41BFB23BE249400A657FC /* FeatureInfoView.swift in Sources */,
				C531975023BD25C500690A96 /* Image.swift in Sources */,
				C5909F3923E75A8000D06070 /* AlliancePickerView.swift in Sources */,
				C5F41C0723BE756F00A657FC /* UserDefaults.swift in Sources */,
				C531974223BBC69B00690A96 /* Scorer.swift in Sources */,
				C55128C523ED5B81009B009C /* SavedScoreRow.swift in Sources */,
				C56DE93923BFD327007BD13A /* SettingsRowView.swift in Sources */,
				C552379823BFB3A000F75526 /* MailView.swift in Sources */,
				C547ECF523EAA0F40008B411 /* SavedScoresListView.swift in Sources */,
				C5F41BFD23BE24F000A657FC /* Color.swift in Sources */,
				C5F8BE5723EB1C15004BABC3 /* SavedScoreView.swift in Sources */,
				C50984BA23C11EE600CD708F /* SharePopUp.swift in Sources */,
				C50984BC23C1249A00CD708F /* URL.swift in Sources */,
				C5F41C0323BE2B4900A657FC /* SplashScreenView.swift in Sources */,
				C545656123BB63C40062A0CB /* TeleOpSectionView.swift in Sources */,
				C5F41BF523BD36E700A657FC /* ScorerTotalPointsView.swift in Sources */,
				C545655D23BB604A0062A0CB /* ScoringGuidelines.swift in Sources */,
				C57483BE23EB445A00DA49EB /* SkystoneScoreExtension.swift in Sources */,
				C5E8D9C023BB56A6009B07E8 /* AppDelegate.swift in Sources */,
				C50984BE23C125FB00CD708F /* AboutAppSectionView.swift in Sources */,
				C50984C223C12A9100CD708F /* AppInfoSectionView.swift in Sources */,
				C5E8D9C223BB56A6009B07E8 /* SceneDelegate.swift in Sources */,
				C547ECF723EB0FCE0008B411 /* MatchInfoView.swift in Sources */,
				C531974A23BCB4B700690A96 /* ScorerPickerView.swift in Sources */,
				C5F8BE5923EB1D17004BABC3 /* ScorerGroup.swift in Sources */,
				C5909F3323E7120100D06070 /* ScorerView.swift in Sources */,
				C5909F0423E5B6ED00D06070 /* Scorer.xcdatamodeld in Sources */,
				C5F41C0123BE2A1700A657FC /* TitleView.swift in Sources */,
				C531974623BCA66C00690A96 /* EndGameSectionView.swift in Sources */,
				C531974423BC954900690A96 /* Constants.swift in Sources */,
				C531974C23BCF32900690A96 /* ScorerToggleView.swift in Sources */,
				C5F41BFF23BE25E600A657FC /* FeaturesContainerView.swift in Sources */,
				C5909F3523E713AB00D06070 /* ScorerTextFieldView.swift in Sources */,
				C5F41C0923BE92CD00A657FC /* SettingsView.swift in Sources */,
			);
			runOnlyForDeploymentPostprocessing = 0;
		};
/* End PBXSourcesBuildPhase section */

/* Begin PBXVariantGroup section */
		C5E8D9CA23BB56AA009B07E8 /* LaunchScreen.storyboard */ = {
			isa = PBXVariantGroup;
			children = (
				C5E8D9CB23BB56AA009B07E8 /* Base */,
			);
			name = LaunchScreen.storyboard;
			sourceTree = "<group>";
		};
/* End PBXVariantGroup section */

/* Begin XCBuildConfiguration section */
		C5E8D9CE23BB56AA009B07E8 /* Debug */ = {
			isa = XCBuildConfiguration;
			buildSettings = {
				ALWAYS_SEARCH_USER_PATHS = NO;
				CLANG_ANALYZER_NONNULL = YES;
				CLANG_ANALYZER_NUMBER_OBJECT_CONVERSION = YES_AGGRESSIVE;
				CLANG_CXX_LANGUAGE_STANDARD = "gnu++14";
				CLANG_CXX_LIBRARY = "libc++";
				CLANG_ENABLE_MODULES = YES;
				CLANG_ENABLE_OBJC_ARC = YES;
				CLANG_ENABLE_OBJC_WEAK = YES;
				CLANG_WARN_BLOCK_CAPTURE_AUTORELEASING = YES;
				CLANG_WARN_BOOL_CONVERSION = YES;
				CLANG_WARN_COMMA = YES;
				CLANG_WARN_CONSTANT_CONVERSION = YES;
				CLANG_WARN_DEPRECATED_OBJC_IMPLEMENTATIONS = YES;
				CLANG_WARN_DIRECT_OBJC_ISA_USAGE = YES_ERROR;
				CLANG_WARN_DOCUMENTATION_COMMENTS = YES;
				CLANG_WARN_EMPTY_BODY = YES;
				CLANG_WARN_ENUM_CONVERSION = YES;
				CLANG_WARN_INFINITE_RECURSION = YES;
				CLANG_WARN_INT_CONVERSION = YES;
				CLANG_WARN_NON_LITERAL_NULL_CONVERSION = YES;
				CLANG_WARN_OBJC_IMPLICIT_RETAIN_SELF = YES;
				CLANG_WARN_OBJC_LITERAL_CONVERSION = YES;
				CLANG_WARN_OBJC_ROOT_CLASS = YES_ERROR;
				CLANG_WARN_RANGE_LOOP_ANALYSIS = YES;
				CLANG_WARN_STRICT_PROTOTYPES = YES;
				CLANG_WARN_SUSPICIOUS_MOVE = YES;
				CLANG_WARN_UNGUARDED_AVAILABILITY = YES_AGGRESSIVE;
				CLANG_WARN_UNREACHABLE_CODE = YES;
				CLANG_WARN__DUPLICATE_METHOD_MATCH = YES;
				COPY_PHASE_STRIP = NO;
				DEBUG_INFORMATION_FORMAT = dwarf;
				ENABLE_STRICT_OBJC_MSGSEND = YES;
				ENABLE_TESTABILITY = YES;
				GCC_C_LANGUAGE_STANDARD = gnu11;
				GCC_DYNAMIC_NO_PIC = NO;
				GCC_NO_COMMON_BLOCKS = YES;
				GCC_OPTIMIZATION_LEVEL = 0;
				GCC_PREPROCESSOR_DEFINITIONS = (
					"DEBUG=1",
					"$(inherited)",
				);
				GCC_WARN_64_TO_32_BIT_CONVERSION = YES;
				GCC_WARN_ABOUT_RETURN_TYPE = YES_ERROR;
				GCC_WARN_UNDECLARED_SELECTOR = YES;
				GCC_WARN_UNINITIALIZED_AUTOS = YES_AGGRESSIVE;
				GCC_WARN_UNUSED_FUNCTION = YES;
				GCC_WARN_UNUSED_VARIABLE = YES;
				IPHONEOS_DEPLOYMENT_TARGET = 13.2;
				MTL_ENABLE_DEBUG_INFO = INCLUDE_SOURCE;
				MTL_FAST_MATH = YES;
				ONLY_ACTIVE_ARCH = YES;
				SDKROOT = iphoneos;
				SWIFT_ACTIVE_COMPILATION_CONDITIONS = DEBUG;
				SWIFT_OPTIMIZATION_LEVEL = "-Onone";
			};
			name = Debug;
		};
		C5E8D9CF23BB56AA009B07E8 /* Release */ = {
			isa = XCBuildConfiguration;
			buildSettings = {
				ALWAYS_SEARCH_USER_PATHS = NO;
				CLANG_ANALYZER_NONNULL = YES;
				CLANG_ANALYZER_NUMBER_OBJECT_CONVERSION = YES_AGGRESSIVE;
				CLANG_CXX_LANGUAGE_STANDARD = "gnu++14";
				CLANG_CXX_LIBRARY = "libc++";
				CLANG_ENABLE_MODULES = YES;
				CLANG_ENABLE_OBJC_ARC = YES;
				CLANG_ENABLE_OBJC_WEAK = YES;
				CLANG_WARN_BLOCK_CAPTURE_AUTORELEASING = YES;
				CLANG_WARN_BOOL_CONVERSION = YES;
				CLANG_WARN_COMMA = YES;
				CLANG_WARN_CONSTANT_CONVERSION = YES;
				CLANG_WARN_DEPRECATED_OBJC_IMPLEMENTATIONS = YES;
				CLANG_WARN_DIRECT_OBJC_ISA_USAGE = YES_ERROR;
				CLANG_WARN_DOCUMENTATION_COMMENTS = YES;
				CLANG_WARN_EMPTY_BODY = YES;
				CLANG_WARN_ENUM_CONVERSION = YES;
				CLANG_WARN_INFINITE_RECURSION = YES;
				CLANG_WARN_INT_CONVERSION = YES;
				CLANG_WARN_NON_LITERAL_NULL_CONVERSION = YES;
				CLANG_WARN_OBJC_IMPLICIT_RETAIN_SELF = YES;
				CLANG_WARN_OBJC_LITERAL_CONVERSION = YES;
				CLANG_WARN_OBJC_ROOT_CLASS = YES_ERROR;
				CLANG_WARN_RANGE_LOOP_ANALYSIS = YES;
				CLANG_WARN_STRICT_PROTOTYPES = YES;
				CLANG_WARN_SUSPICIOUS_MOVE = YES;
				CLANG_WARN_UNGUARDED_AVAILABILITY = YES_AGGRESSIVE;
				CLANG_WARN_UNREACHABLE_CODE = YES;
				CLANG_WARN__DUPLICATE_METHOD_MATCH = YES;
				COPY_PHASE_STRIP = NO;
				DEBUG_INFORMATION_FORMAT = "dwarf-with-dsym";
				ENABLE_NS_ASSERTIONS = NO;
				ENABLE_STRICT_OBJC_MSGSEND = YES;
				GCC_C_LANGUAGE_STANDARD = gnu11;
				GCC_NO_COMMON_BLOCKS = YES;
				GCC_WARN_64_TO_32_BIT_CONVERSION = YES;
				GCC_WARN_ABOUT_RETURN_TYPE = YES_ERROR;
				GCC_WARN_UNDECLARED_SELECTOR = YES;
				GCC_WARN_UNINITIALIZED_AUTOS = YES_AGGRESSIVE;
				GCC_WARN_UNUSED_FUNCTION = YES;
				GCC_WARN_UNUSED_VARIABLE = YES;
				IPHONEOS_DEPLOYMENT_TARGET = 13.2;
				MTL_ENABLE_DEBUG_INFO = NO;
				MTL_FAST_MATH = YES;
				SDKROOT = iphoneos;
				SWIFT_COMPILATION_MODE = wholemodule;
				SWIFT_OPTIMIZATION_LEVEL = "-O";
				VALIDATE_PRODUCT = YES;
			};
			name = Release;
		};
		C5E8D9D123BB56AA009B07E8 /* Debug */ = {
			isa = XCBuildConfiguration;
			buildSettings = {
				ASSETCATALOG_COMPILER_APPICON_NAME = AppIcon;
				CODE_SIGN_ENTITLEMENTS = "StonkScorer/Supporting Files/StonkScorer.entitlements";
				CODE_SIGN_STYLE = Automatic;
				CURRENT_PROJECT_VERSION = 11;
				DERIVE_MACCATALYST_PRODUCT_BUNDLE_IDENTIFIER = YES;
				DEVELOPMENT_ASSET_PATHS = "\"StonkScorer/Preview Content\"";
				DEVELOPMENT_TEAM = UALV34MRH2;
				ENABLE_PREVIEWS = YES;
				INFOPLIST_FILE = "StonkScorer/Supporting Files/Info.plist";
				IPHONEOS_DEPLOYMENT_TARGET = 13.2;
				LD_RUNPATH_SEARCH_PATHS = (
					"$(inherited)",
					"@executable_path/Frameworks",
				);
				MARKETING_VERSION = 1.1.0;
				PRODUCT_BUNDLE_IDENTIFIER = com.codingBytes.StonkScorer;
				PRODUCT_NAME = "FTC Scorer";
				SUPPORTS_MACCATALYST = YES;
				SWIFT_VERSION = 5.0;
				TARGETED_DEVICE_FAMILY = "1,2";
			};
			name = Debug;
		};
		C5E8D9D223BB56AA009B07E8 /* Release */ = {
			isa = XCBuildConfiguration;
			buildSettings = {
				ASSETCATALOG_COMPILER_APPICON_NAME = AppIcon;
				CODE_SIGN_ENTITLEMENTS = "StonkScorer/Supporting Files/StonkScorer.entitlements";
				CODE_SIGN_STYLE = Automatic;
				CURRENT_PROJECT_VERSION = 11;
				DERIVE_MACCATALYST_PRODUCT_BUNDLE_IDENTIFIER = YES;
				DEVELOPMENT_ASSET_PATHS = "\"StonkScorer/Preview Content\"";
				DEVELOPMENT_TEAM = UALV34MRH2;
				ENABLE_PREVIEWS = YES;
				INFOPLIST_FILE = "StonkScorer/Supporting Files/Info.plist";
				IPHONEOS_DEPLOYMENT_TARGET = 13.2;
				LD_RUNPATH_SEARCH_PATHS = (
					"$(inherited)",
					"@executable_path/Frameworks",
				);
				MARKETING_VERSION = 1.1.0;
				PRODUCT_BUNDLE_IDENTIFIER = com.codingBytes.StonkScorer;
				PRODUCT_NAME = "FTC Scorer";
				SUPPORTS_MACCATALYST = YES;
				SWIFT_VERSION = 5.0;
				TARGETED_DEVICE_FAMILY = "1,2";
			};
			name = Release;
		};
/* End XCBuildConfiguration section */

/* Begin XCConfigurationList section */
		C5E8D9B723BB56A6009B07E8 /* Build configuration list for PBXProject "StonkScorer" */ = {
			isa = XCConfigurationList;
			buildConfigurations = (
				C5E8D9CE23BB56AA009B07E8 /* Debug */,
				C5E8D9CF23BB56AA009B07E8 /* Release */,
			);
			defaultConfigurationIsVisible = 0;
			defaultConfigurationName = Release;
		};
		C5E8D9D023BB56AA009B07E8 /* Build configuration list for PBXNativeTarget "StonkScorer" */ = {
			isa = XCConfigurationList;
			buildConfigurations = (
				C5E8D9D123BB56AA009B07E8 /* Debug */,
				C5E8D9D223BB56AA009B07E8 /* Release */,
			);
			defaultConfigurationIsVisible = 0;
			defaultConfigurationName = Release;
		};
/* End XCConfigurationList section */

/* Begin XCVersionGroup section */
		C5909F0223E5B6ED00D06070 /* Scorer.xcdatamodeld */ = {
			isa = XCVersionGroup;
			children = (
				C5909F0323E5B6ED00D06070 /* Scorer.xcdatamodel */,
			);
			currentVersion = C5909F0323E5B6ED00D06070 /* Scorer.xcdatamodel */;
			name = Scorer.xcdatamodeld;
			path = "Supporting Files/Scorer.xcdatamodeld";
			sourceTree = "<group>";
			versionGroupType = wrapper.xcdatamodel;
		};
/* End XCVersionGroup section */
	};
	rootObject = C5E8D9B423BB56A6009B07E8 /* Project object */;
}
